
Microsoft Visual Studio Solution File, Format Version 12.00
# Visual Studio 14
VisualStudioVersion = 14.0.22823.1
MinimumVisualStudioVersion = 10.0.40219.1
Project("{FAE04EC0-301F-11D3-BF4B-00C04F79EFBC}") = "SaveAllTheTabs", "SaveAllTheTabs\SaveAllTheTabs.csproj", "{D5C81638-BE99-4F89-98D8-FE8B2107092C}"
EndProject
Project("{2150E333-8FDC-42A3-9474-1A3956D46DE8}") = "Solution Items", "Solution Items", "{C38268DB-92FF-48BA-BD15-C7A3EC6AA861}"
	ProjectSection(SolutionItems) = preProject
		..\LICENSE = ..\LICENSE
		..\README.md = ..\README.md
	EndProjectSection
EndProject
Global
	GlobalSection(SolutionConfigurationPlatforms) = preSolution
		Debug|Any CPU = Debug|Any CPU
		Release|Any CPU = Release|Any CPU
	EndGlobalSection
	GlobalSection(ProjectConfigurationPlatforms) = postSolution
		{D5C81638-BE99-4F89-98D8-FE8B2107092C}.Debug|Any CPU.ActiveCfg = Debug|Any CPU
		{D5C81638-BE99-4F89-98D8-FE8B2107092C}.Debug|Any CPU.Build.0 = Debug|Any CPU
		{D5C81638-BE99-4F89-98D8-FE8B2107092C}.Release|Any CPU.ActiveCfg = Release|Any CPU
		{D5C81638-BE99-4F89-98D8-FE8B2107092C}.Release|Any CPU.Build.0 = Release|Any CPU
	EndGlobalSection
	GlobalSection(SolutionProperties) = preSolution
		HideSolutionNode = FALSE
	EndGlobalSection
EndGlobal
